
Microsoft Visual Studio Solution File, Format Version 12.00
# Visual Studio 2013
VisualStudioVersion = 12.0.40629.0
MinimumVisualStudioVersion = 10.0.40219.1
Project("{FAE04EC0-301F-11D3-BF4B-00C04F79EFBC}") = "DynamicRest", "DynamicRest\DynamicRest.csproj", "{6761F94D-EFCD-49C7-9E8E-ECBCA014FF63}"
EndProject
Project("{FAE04EC0-301F-11D3-BF4B-00C04F79EFBC}") = "Samples", "Samples\Samples.csproj", "{6761F94D-EFCD-49C7-9E8E-ECBCA014FF64}"
EndProject
Project("{FAE04EC0-301F-11D3-BF4B-00C04F79EFBC}") = "DynamicRest.UnitTests", "DynamicRest.UnitTests\DynamicRest.UnitTests.csproj", "{18F63953-D302-415F-AE2E-B97A41AEAD6B}"
EndProject
Project("{2150E333-8FDC-42A3-9474-1A3956D46DE8}") = ".nuget", ".nuget", "{8AB2506A-02BD-4069-9EA7-B65BC7F0798A}"
	ProjectSection(SolutionItems) = preProject
		.nuget\NuGet.Config = .nuget\NuGet.Config
		.nuget\NuGet.exe = .nuget\NuGet.exe
		.nuget\NuGet.targets = .nuget\NuGet.targets
	EndProjectSection
EndProject
Global
	GlobalSection(SolutionConfigurationPlatforms) = preSolution
		Debug|Any CPU = Debug|Any CPU
		Release|Any CPU = Release|Any CPU
	EndGlobalSection
	GlobalSection(ProjectConfigurationPlatforms) = postSolution
		{6761F94D-EFCD-49C7-9E8E-ECBCA014FF63}.Debug|Any CPU.ActiveCfg = Debug|Any CPU
		{6761F94D-EFCD-49C7-9E8E-ECBCA014FF63}.Debug|Any CPU.Build.0 = Debug|Any CPU
		{6761F94D-EFCD-49C7-9E8E-ECBCA014FF63}.Release|Any CPU.ActiveCfg = Release|Any CPU
		{6761F94D-EFCD-49C7-9E8E-ECBCA014FF63}.Release|Any CPU.Build.0 = Release|Any CPU
		{6761F94D-EFCD-49C7-9E8E-ECBCA014FF64}.Debug|Any CPU.ActiveCfg = Debug|Any CPU
		{6761F94D-EFCD-49C7-9E8E-ECBCA014FF64}.Debug|Any CPU.Build.0 = Debug|Any CPU
		{6761F94D-EFCD-49C7-9E8E-ECBCA014FF64}.Release|Any CPU.ActiveCfg = Release|Any CPU
		{6761F94D-EFCD-49C7-9E8E-ECBCA014FF64}.Release|Any CPU.Build.0 = Release|Any CPU
		{18F63953-D302-415F-AE2E-B97A41AEAD6B}.Debug|Any CPU.ActiveCfg = Debug|Any CPU
		{18F63953-D302-415F-AE2E-B97A41AEAD6B}.Debug|Any CPU.Build.0 = Debug|Any CPU
		{18F63953-D302-415F-AE2E-B97A41AEAD6B}.Release|Any CPU.ActiveCfg = Release|Any CPU
		{18F63953-D302-415F-AE2E-B97A41AEAD6B}.Release|Any CPU.Build.0 = Release|Any CPU
	EndGlobalSection
	GlobalSection(SolutionProperties) = preSolution
		HideSolutionNode = FALSE
	EndGlobalSection
EndGlobal
